{
  "name": "olabel",
  "version": "1.0.0",
  "lockfileVersion": 1,
  "requires": true,
  "dependencies": {
    "@tensorflow-models/mobilenet": {
      "version": "1.0.0",
      "resolved": "https://registry.npmjs.org/@tensorflow-models/mobilenet/-/mobilenet-1.0.0.tgz",
      "integrity": "sha512-NIi4wMIDi9d+zpB0DYlepQQD4qsh16Gxv8OtQg1bBMO8g+SX9c2st4EiiJJGQhTI1GXmtZgKhOHIXnsLqUlgow=="
    },
    "@tensorflow/tfjs": {
      "version": "1.0.3",
      "resolved": "https://registry.npmjs.org/@tensorflow/tfjs/-/tfjs-1.0.3.tgz",
      "integrity": "sha512-tF6GcjO2KBYlPPiS7o4X+D3oASXJcWAYaZA13GCYp5cXAui0ncHxpC85kmNQlp2HEVmcE82BJz/1uUtkNxxQpw==",
      "requires": {
        "@tensorflow/tfjs-converter": "1.0.3",
        "@tensorflow/tfjs-core": "1.0.3",
        "@tensorflow/tfjs-data": "1.0.3",
        "@tensorflow/tfjs-layers": "1.0.3"
      }
    },
    "@tensorflow/tfjs-converter": {
      "version": "1.0.3",
      "resolved": "https://registry.npmjs.org/@tensorflow/tfjs-converter/-/tfjs-converter-1.0.3.tgz",
      "integrity": "sha512-vrGvVrPekhTOwMGsomcpcjw0ZUep6xhI8DQQoFXHjBcprt9bFO2hHMdAmYpqafcJ7KVMylbK4h2LJrsBI2zDgQ=="
    },
    "@tensorflow/tfjs-core": {
      "version": "1.0.3",
      "resolved": "https://registry.npmjs.org/@tensorflow/tfjs-core/-/tfjs-core-1.0.3.tgz",
      "integrity": "sha512-2UbjMQkmrykIIZuoRfmDPrtWm+6fdQRlYLCUJdiOIooeu/q4nye587HM1qKcdZosGPZTW6VvX+4VIVieYn5i0A==",
      "requires": {
        "@types/seedrandom": "2.4.27",
        "@types/webgl-ext": "0.0.30",
        "@types/webgl2": "0.0.4",
        "seedrandom": "2.4.3"
      }
    },
    "@tensorflow/tfjs-data": {
      "version": "1.0.3",
      "resolved": "https://registry.npmjs.org/@tensorflow/tfjs-data/-/tfjs-data-1.0.3.tgz",
      "integrity": "sha512-WFjYU2pWNZ0TZaJ7rN18GD/wOTVe6rBGxvSwZxIhEVIbwKXaKXFa9V4aGp4QBG9AXHIA89SjmGSGPxfsC015hQ==",
      "requires": {
        "@types/node-fetch": "^2.1.2",
        "node-fetch": "~2.1.2",
        "seedrandom": "~2.4.3"
      }
    },
    "@tensorflow/tfjs-layers": {
      "version": "1.0.3",
      "resolved": "https://registry.npmjs.org/@tensorflow/tfjs-layers/-/tfjs-layers-1.0.3.tgz",
      "integrity": "sha512-7VdvQb0ft7TrWAbBy7HI+p420KX9rblYYACZ7/BzvzsikfEOdEL90WxrZDjZ167rYN/KvqC/haGcmhW/dYU3MA=="
    },
    "@types/node": {
      "version": "11.12.0",
      "resolved": "https://registry.npmjs.org/@types/node/-/node-11.12.0.tgz",
      "integrity": "sha512-Lg00egj78gM+4aE0Erw05cuDbvX9sLJbaaPwwRtdCdAMnIudqrQZ0oZX98Ek0yiSK/A2nubHgJfvII/rTT2Dwg=="
    },
    "@types/node-fetch": {
      "version": "2.1.7",
      "resolved": "https://registry.npmjs.org/@types/node-fetch/-/node-fetch-2.1.7.tgz",
      "integrity": "sha512-TZozHCDVrs0Aj1B9ZR5F4Q9MknDNcVd+hO5lxXOCzz07ELBey6s1gMUSZHUYHlPfRFKJFXiTnNuD7ePiI6S4/g==",
      "requires": {
        "@types/node": "*"
      }
    },
    "@types/seedrandom": {
      "version": "2.4.27",
      "resolved": "https://registry.npmjs.org/@types/seedrandom/-/seedrandom-2.4.27.tgz",
      "integrity": "sha1-nbVjk33YaRX2kJK8QyWdL0hXjkE="
    },
    "@types/webgl-ext": {
      "version": "0.0.30",
      "resolved": "https://registry.npmjs.org/@types/webgl-ext/-/webgl-ext-0.0.30.tgz",
      "integrity": "sha512-LKVgNmBxN0BbljJrVUwkxwRYqzsAEPcZOe6S2T6ZaBDIrFp0qu4FNlpc5sM1tGbXUYFgdVQIoeLk1Y1UoblyEg=="
    },
    "@types/webgl2": {
      "version": "0.0.4",
      "resolved": "https://registry.npmjs.org/@types/webgl2/-/webgl2-0.0.4.tgz",
      "integrity": "sha512-PACt1xdErJbMUOUweSrbVM7gSIYm1vTncW2hF6Os/EeWi6TXYAYMPp+8v6rzHmypE5gHrxaxZNXgMkJVIdZpHw=="
    },
    "node-fetch": {
      "version": "2.1.2",
      "resolved": "https://registry.npmjs.org/node-fetch/-/node-fetch-2.1.2.tgz",
      "integrity": "sha1-q4hOjn5X44qUR1POxwb3iNF2i7U="
    },
    "seedrandom": {
      "version": "2.4.3",
      "resolved": "https://registry.npmjs.org/seedrandom/-/seedrandom-2.4.3.tgz",
      "integrity": "sha1-JDhQTa0zkXMUv/GKxNeU8W1qrsw="
    }
  }
}
